
Microsoft Visual Studio Solution File, Format Version 11.00
# Visual Studio 2010
Project("{FAE04EC0-301F-11D3-BF4B-00C04F79EFBC}") = "Pandora.BehaviorTree", "Pandora.BehaviorTree.csproj", "{6201ae22-44ff-00a8-e7c1-37f8788d7111}"
EndProject
Project("{FAE04EC0-301F-11D3-BF4B-00C04F79EFBC}") = "Assembly-CSharp", "Assembly-CSharp.csproj", "{7632cd05-2292-8514-3cc4-7136e5aecb63}"
EndProject
Project("{FAE04EC0-301F-11D3-BF4B-00C04F79EFBC}") = "Pandora.BehaviorTree.Editor", "Pandora.BehaviorTree.Editor.csproj", "{b76e30d8-e9d0-43bf-006f-9ae6e489c2dd}"
EndProject
Global
	GlobalSection(SolutionConfigurationPlatforms) = preSolution
		Debug|Any CPU = Debug|Any CPU
	EndGlobalSection
	GlobalSection(ProjectConfigurationPlatforms) = postSolution
		{6201ae22-44ff-00a8-e7c1-37f8788d7111}.Debug|Any CPU.ActiveCfg = Debug|Any CPU
		{6201ae22-44ff-00a8-e7c1-37f8788d7111}.Debug|Any CPU.Build.0 = Debug|Any CPU
		{7632cd05-2292-8514-3cc4-7136e5aecb63}.Debug|Any CPU.ActiveCfg = Debug|Any CPU
		{7632cd05-2292-8514-3cc4-7136e5aecb63}.Debug|Any CPU.Build.0 = Debug|Any CPU
		{b76e30d8-e9d0-43bf-006f-9ae6e489c2dd}.Debug|Any CPU.ActiveCfg = Debug|Any CPU
		{b76e30d8-e9d0-43bf-006f-9ae6e489c2dd}.Debug|Any CPU.Build.0 = Debug|Any CPU
	EndGlobalSection
	GlobalSection(SolutionProperties) = preSolution
		HideSolutionNode = FALSE
	EndGlobalSection
EndGlobal
