
Microsoft Visual Studio Solution File, Format Version 11.00
# Visual Studio 2010
Project("{FAE04EC0-301F-11D3-BF4B-00C04F79EFBC}") = "Pandora.BehaviorTree", "Pandora.BehaviorTree.csproj", "{f181ed6f-5010-b872-3517-3f5c1c67f4de}"
EndProject
Project("{FAE04EC0-301F-11D3-BF4B-00C04F79EFBC}") = "Assembly-CSharp", "Assembly-CSharp.csproj", "{4d52a327-5cf0-0ac2-c89f-ea52b311509c}"
EndProject
Project("{FAE04EC0-301F-11D3-BF4B-00C04F79EFBC}") = "Pandora.BehaviorTree.Editor", "Pandora.BehaviorTree.Editor.csproj", "{32697db8-eb05-52a0-cd6c-704aa379cc9d}"
EndProject
Global
	GlobalSection(SolutionConfigurationPlatforms) = preSolution
		Debug|Any CPU = Debug|Any CPU
	EndGlobalSection
	GlobalSection(ProjectConfigurationPlatforms) = postSolution
		{f181ed6f-5010-b872-3517-3f5c1c67f4de}.Debug|Any CPU.ActiveCfg = Debug|Any CPU
		{f181ed6f-5010-b872-3517-3f5c1c67f4de}.Debug|Any CPU.Build.0 = Debug|Any CPU
		{4d52a327-5cf0-0ac2-c89f-ea52b311509c}.Debug|Any CPU.ActiveCfg = Debug|Any CPU
		{4d52a327-5cf0-0ac2-c89f-ea52b311509c}.Debug|Any CPU.Build.0 = Debug|Any CPU
		{32697db8-eb05-52a0-cd6c-704aa379cc9d}.Debug|Any CPU.ActiveCfg = Debug|Any CPU
		{32697db8-eb05-52a0-cd6c-704aa379cc9d}.Debug|Any CPU.Build.0 = Debug|Any CPU
	EndGlobalSection
	GlobalSection(SolutionProperties) = preSolution
		HideSolutionNode = FALSE
	EndGlobalSection
EndGlobal
